# This file is autogenerated, do not edit; changes may be undone by the next 'dep ensure'.


[[projects]]
  branch = "master"
  name = "github.com/btcsuite/btcd"
  packages = ["btcec"]
  revision = "1432d294a5b055c297457c25434efbf13384cc46"

[solve-meta]
  analyzer-name = "dep"
  analyzer-version = 1
  inputs-digest = "cbd4480dc78f08b63517e989210587f5879567b7e67306375f2f8c8ff90b36a9"
  solver-name = "gps-cdcl"
  solver-version = 1
